
Microsoft Visual Studio Solution File, Format Version 12.00
# Visual Studio Version 16
VisualStudioVersion = 16.0.30204.135
MinimumVisualStudioVersion = 10.0.40219.1
Project("{8BC9CEB8-8B4A-11D0-8D11-00A0C91BC942}") = "ws05", "ws05.vcxproj", "{EBF3B6AB-4B69-48C5-9613-4E6A059408A2}"
EndProject
Global
	GlobalSection(SolutionConfigurationPlatforms) = preSolution
		Debug|x64 = Debug|x64
		Debug|x86 = Debug|x86
		Release|x64 = Release|x64
		Release|x86 = Release|x86
	EndGlobalSection
	GlobalSection(ProjectConfigurationPlatforms) = postSolution
		{EBF3B6AB-4B69-48C5-9613-4E6A059408A2}.Debug|x64.ActiveCfg = Debug|x64
		{EBF3B6AB-4B69-48C5-9613-4E6A059408A2}.Debug|x64.Build.0 = Debug|x64
		{EBF3B6AB-4B69-48C5-9613-4E6A059408A2}.Debug|x86.ActiveCfg = Debug|Win32
		{EBF3B6AB-4B69-48C5-9613-4E6A059408A2}.Debug|x86.Build.0 = Debug|Win32
		{EBF3B6AB-4B69-48C5-9613-4E6A059408A2}.Release|x64.ActiveCfg = Release|x64
		{EBF3B6AB-4B69-48C5-9613-4E6A059408A2}.Release|x64.Build.0 = Release|x64
		{EBF3B6AB-4B69-48C5-9613-4E6A059408A2}.Release|x86.ActiveCfg = Release|Win32
		{EBF3B6AB-4B69-48C5-9613-4E6A059408A2}.Release|x86.Build.0 = Release|Win32
	EndGlobalSection
	GlobalSection(SolutionProperties) = preSolution
		HideSolutionNode = FALSE
	EndGlobalSection
	GlobalSection(ExtensibilityGlobals) = postSolution
		SolutionGuid = {31A8D5C2-2237-42D3-91E8-2EFB2AA582E0}
	EndGlobalSection
EndGlobal
